// !$*UTF8*$!
{
	archiveVersion = 1;
	classes = {
	};
	objectVersion = 50;
	objects = {

/* Begin PBXBuildFile section */
		A1BBFB6F25D88BA500925C9E /* AppDelegate.swift in Sources */ = {isa = PBXBuildFile; fileRef = A1BBFB6E25D88BA500925C9E /* AppDelegate.swift */; };
		A1BBFB7125D88BA500925C9E /* SceneDelegate.swift in Sources */ = {isa = PBXBuildFile; fileRef = A1BBFB7025D88BA500925C9E /* SceneDelegate.swift */; };
		A1BBFB7325D88BA500925C9E /* ViewController.swift in Sources */ = {isa = PBXBuildFile; fileRef = A1BBFB7225D88BA500925C9E /* ViewController.swift */; };
		A1BBFB7625D88BA500925C9E /* Main.storyboard in Resources */ = {isa = PBXBuildFile; fileRef = A1BBFB7425D88BA500925C9E /* Main.storyboard */; };
		A1BBFB7825D88BA700925C9E /* Assets.xcassets in Resources */ = {isa = PBXBuildFile; fileRef = A1BBFB7725D88BA700925C9E /* Assets.xcassets */; };
		A1BBFB7B25D88BA700925C9E /* LaunchScreen.storyboard in Resources */ = {isa = PBXBuildFile; fileRef = A1BBFB7925D88BA700925C9E /* LaunchScreen.storyboard */; };
		A1BBFB8525D89C2800925C9E /* KeychainWrapper.swift in Sources */ = {isa = PBXBuildFile; fileRef = A1BBFB8325D89C2700925C9E /* KeychainWrapper.swift */; };
		A1BBFB8625D89C2800925C9E /* KeychainItemAccessibility.swift in Sources */ = {isa = PBXBuildFile; fileRef = A1BBFB8425D89C2800925C9E /* KeychainItemAccessibility.swift */; };
/* End PBXBuildFile section */

/* Begin PBXFileReference section */
		A1BBFB6B25D88BA500925C9E /* Project 28.app */ = {isa = PBXFileReference; explicitFileType = wrapper.application; includeInIndex = 0; path = "Project 28.app"; sourceTree = BUILT_PRODUCTS_DIR; };
		A1BBFB6E25D88BA500925C9E /* AppDelegate.swift */ = {isa = PBXFileReference; lastKnownFileType = sourcecode.swift; path = AppDelegate.swift; sourceTree = "<group>"; };
		A1BBFB7025D88BA500925C9E /* SceneDelegate.swift */ = {isa = PBXFileReference; lastKnownFileType = sourcecode.swift; path = SceneDelegate.swift; sourceTree = "<group>"; };
		A1BBFB7225D88BA500925C9E /* ViewController.swift */ = {isa = PBXFileReference; lastKnownFileType = sourcecode.swift; path = ViewController.swift; sourceTree = "<group>"; };
		A1BBFB7525D88BA500925C9E /* Base */ = {isa = PBXFileReference; lastKnownFileType = file.storyboard; name = Base; path = Base.lproj/Main.storyboard; sourceTree = "<group>"; };
		A1BBFB7725D88BA700925C9E /* Assets.xcassets */ = {isa = PBXFileReference; lastKnownFileType = folder.assetcatalog; path = Assets.xcassets; sourceTree = "<group>"; };
		A1BBFB7A25D88BA700925C9E /* Base */ = {isa = PBXFileReference; lastKnownFileType = file.storyboard; name = Base; path = Base.lproj/LaunchScreen.storyboard; sourceTree = "<group>"; };
		A1BBFB7C25D88BA700925C9E /* Info.plist */ = {isa = PBXFileReference; lastKnownFileType = text.plist.xml; path = Info.plist; sourceTree = "<group>"; };
		A1BBFB8325D89C2700925C9E /* KeychainWrapper.swift */ = {isa = PBXFileReference; fileEncoding = 4; lastKnownFileType = sourcecode.swift; path = KeychainWrapper.swift; sourceTree = "<group>"; };
		A1BBFB8425D89C2800925C9E /* KeychainItemAccessibility.swift */ = {isa = PBXFileReference; fileEncoding = 4; lastKnownFileType = sourcecode.swift; path = KeychainItemAccessibility.swift; sourceTree = "<group>"; };
/* End PBXFileReference section */

/* Begin PBXFrameworksBuildPhase section */
		A1BBFB6825D88BA500925C9E /* Frameworks */ = {
			isa = PBXFrameworksBuildPhase;
			buildActionMask = 2147483647;
			files = (
			);
			runOnlyForDeploymentPostprocessing = 0;
		};
/* End PBXFrameworksBuildPhase section */

/* Begin PBXGroup section */
		A1BBFB6225D88BA500925C9E = {
			isa = PBXGroup;
			children = (
				A1BBFB6D25D88BA500925C9E /* Project 28 */,
				A1BBFB6C25D88BA500925C9E /* Products */,
			);
			sourceTree = "<group>";
		};
		A1BBFB6C25D88BA500925C9E /* Products */ = {
			isa = PBXGroup;
			children = (
				A1BBFB6B25D88BA500925C9E /* Project 28.app */,
			);
			name = Products;
			sourceTree = "<group>";
		};
		A1BBFB6D25D88BA500925C9E /* Project 28 */ = {
			isa = PBXGroup;
			children = (
				A1BBFB6E25D88BA500925C9E /* AppDelegate.swift */,
				A1BBFB7025D88BA500925C9E /* SceneDelegate.swift */,
				A1BBFB7225D88BA500925C9E /* ViewController.swift */,
				A1BBFB7425D88BA500925C9E /* Main.storyboard */,
				A1BBFB7725D88BA700925C9E /* Assets.xcassets */,
				A1BBFB7925D88BA700925C9E /* LaunchScreen.storyboard */,
				A1BBFB7C25D88BA700925C9E /* Info.plist */,
				A1BBFB8425D89C2800925C9E /* KeychainItemAccessibility.swift */,
				A1BBFB8325D89C2700925C9E /* KeychainWrapper.swift */,
			);
			path = "Project 28";
			sourceTree = "<group>";
		};
/* End PBXGroup section */

/* Begin PBXNativeTarget section */
		A1BBFB6A25D88BA500925C9E /* Project 28 */ = {
			isa = PBXNativeTarget;
			buildConfigurationList = A1BBFB7F25D88BA700925C9E /* Build configuration list for PBXNativeTarget "Project 28" */;
			buildPhases = (
				A1BBFB6725D88BA500925C9E /* Sources */,
				A1BBFB6825D88BA500925C9E /* Frameworks */,
				A1BBFB6925D88BA500925C9E /* Resources */,
			);
			buildRules = (
			);
			dependencies = (
			);
			name = "Project 28";
			productName = "Project 28";
			productReference = A1BBFB6B25D88BA500925C9E /* Project 28.app */;
			productType = "com.apple.product-type.application";
		};
/* End PBXNativeTarget section */

/* Begin PBXProject section */
		A1BBFB6325D88BA500925C9E /* Project object */ = {
			isa = PBXProject;
			attributes = {
				LastSwiftUpdateCheck = 1230;
				LastUpgradeCheck = 1230;
				TargetAttributes = {
					A1BBFB6A25D88BA500925C9E = {
						CreatedOnToolsVersion = 12.3;
					};
				};
			};
			buildConfigurationList = A1BBFB6625D88BA500925C9E /* Build configuration list for PBXProject "Project 28" */;
			compatibilityVersion = "Xcode 9.3";
			developmentRegion = en;
			hasScannedForEncodings = 0;
			knownRegions = (
				en,
				Base,
			);
			mainGroup = A1BBFB6225D88BA500925C9E;
			productRefGroup = A1BBFB6C25D88BA500925C9E /* Products */;
			projectDirPath = "";
			projectRoot = "";
			targets = (
				A1BBFB6A25D88BA500925C9E /* Project 28 */,
			);
		};
/* End PBXProject section */

/* Begin PBXResourcesBuildPhase section */
		A1BBFB6925D88BA500925C9E /* Resources */ = {
			isa = PBXResourcesBuildPhase;
			buildActionMask = 2147483647;
			files = (
				A1BBFB7B25D88BA700925C9E /* LaunchScreen.storyboard in Resources */,
				A1BBFB7825D88BA700925C9E /* Assets.xcassets in Resources */,
				A1BBFB7625D88BA500925C9E /* Main.storyboard in Resources */,
			);
			runOnlyForDeploymentPostprocessing = 0;
		};
/* End PBXResourcesBuildPhase section */

/* Begin PBXSourcesBuildPhase section */
		A1BBFB6725D88BA500925C9E /* Sources */ = {
			isa = PBXSourcesBuildPhase;
			buildActionMask = 2147483647;
			files = (
				A1BBFB7325D88BA500925C9E /* ViewController.swift in Sources */,
				A1BBFB8525D89C2800925C9E /* KeychainWrapper.swift in Sources */,
				A1BBFB6F25D88BA500925C9E /* AppDelegate.swift in Sources */,
				A1BBFB8625D89C2800925C9E /* KeychainItemAccessibility.swift in Sources */,
				A1BBFB7125D88BA500925C9E /* SceneDelegate.swift in Sources */,
			);
			runOnlyForDeploymentPostprocessing = 0;
		};
/* End PBXSourcesBuildPhase section */

/* Begin PBXVariantGroup section */
		A1BBFB7425D88BA500925C9E /* Main.storyboard */ = {
			isa = PBXVariantGroup;
			children = (
				A1BBFB7525D88BA500925C9E /* Base */,
			);
			name = Main.storyboard;
			sourceTree = "<group>";
		};
		A1BBFB7925D88BA700925C9E /* LaunchScreen.storyboard */ = {
			isa = PBXVariantGroup;
			children = (
				A1BBFB7A25D88BA700925C9E /* Base */,
			);
			name = LaunchScreen.storyboard;
			sourceTree = "<group>";
		};
/* End PBXVariantGroup section */

/* Begin XCBuildConfiguration section */
		A1BBFB7D25D88BA700925C9E /* Debug */ = {
			isa = XCBuildConfiguration;
			buildSettings = {
				ALWAYS_SEARCH_USER_PATHS = NO;
				CLANG_ANALYZER_NONNULL = YES;
				CLANG_ANALYZER_NUMBER_OBJECT_CONVERSION = YES_AGGRESSIVE;
				CLANG_CXX_LANGUAGE_STANDARD = "gnu++14";
				CLANG_CXX_LIBRARY = "libc++";
				CLANG_ENABLE_MODULES = YES;
				CLANG_ENABLE_OBJC_ARC = YES;
				CLANG_ENABLE_OBJC_WEAK = YES;
				CLANG_WARN_BLOCK_CAPTURE_AUTORELEASING = YES;
				CLANG_WARN_BOOL_CONVERSION = YES;
				CLANG_WARN_COMMA = YES;
				CLANG_WARN_CONSTANT_CONVERSION = YES;
				CLANG_WARN_DEPRECATED_OBJC_IMPLEMENTATIONS = YES;
				CLANG_WARN_DIRECT_OBJC_ISA_USAGE = YES_ERROR;
				CLANG_WARN_DOCUMENTATION_COMMENTS = YES;
				CLANG_WARN_EMPTY_BODY = YES;
				CLANG_WARN_ENUM_CONVERSION = YES;
				CLANG_WARN_INFINITE_RECURSION = YES;
				CLANG_WARN_INT_CONVERSION = YES;
				CLANG_WARN_NON_LITERAL_NULL_CONVERSION = YES;
				CLANG_WARN_OBJC_IMPLICIT_RETAIN_SELF = YES;
				CLANG_WARN_OBJC_LITERAL_CONVERSION = YES;
				CLANG_WARN_OBJC_ROOT_CLASS = YES_ERROR;
				CLANG_WARN_QUOTED_INCLUDE_IN_FRAMEWORK_HEADER = YES;
				CLANG_WARN_RANGE_LOOP_ANALYSIS = YES;
				CLANG_WARN_STRICT_PROTOTYPES = YES;
				CLANG_WARN_SUSPICIOUS_MOVE = YES;
				CLANG_WARN_UNGUARDED_AVAILABILITY = YES_AGGRESSIVE;
				CLANG_WARN_UNREACHABLE_CODE = YES;
				CLANG_WARN__DUPLICATE_METHOD_MATCH = YES;
				COPY_PHASE_STRIP = NO;
				DEBUG_INFORMATION_FORMAT = dwarf;
				ENABLE_STRICT_OBJC_MSGSEND = YES;
				ENABLE_TESTABILITY = YES;
				GCC_C_LANGUAGE_STANDARD = gnu11;
				GCC_DYNAMIC_NO_PIC = NO;
				GCC_NO_COMMON_BLOCKS = YES;
				GCC_OPTIMIZATION_LEVEL = 0;
				GCC_PREPROCESSOR_DEFINITIONS = (
					"DEBUG=1",
					"$(inherited)",
				);
				GCC_WARN_64_TO_32_BIT_CONVERSION = YES;
				GCC_WARN_ABOUT_RETURN_TYPE = YES_ERROR;
				GCC_WARN_UNDECLARED_SELECTOR = YES;
				GCC_WARN_UNINITIALIZED_AUTOS = YES_AGGRESSIVE;
				GCC_WARN_UNUSED_FUNCTION = YES;
				GCC_WARN_UNUSED_VARIABLE = YES;
				IPHONEOS_DEPLOYMENT_TARGET = 14.3;
				MTL_ENABLE_DEBUG_INFO = INCLUDE_SOURCE;
				MTL_FAST_MATH = YES;
				ONLY_ACTIVE_ARCH = YES;
				SDKROOT = iphoneos;
				SWIFT_ACTIVE_COMPILATION_CONDITIONS = DEBUG;
				SWIFT_OPTIMIZATION_LEVEL = "-Onone";
			};
			name = Debug;
		};
		A1BBFB7E25D88BA700925C9E /* Release */ = {
			isa = XCBuildConfiguration;
			buildSettings = {
				ALWAYS_SEARCH_USER_PATHS = NO;
				CLANG_ANALYZER_NONNULL = YES;
				CLANG_ANALYZER_NUMBER_OBJECT_CONVERSION = YES_AGGRESSIVE;
				CLANG_CXX_LANGUAGE_STANDARD = "gnu++14";
				CLANG_CXX_LIBRARY = "libc++";
				CLANG_ENABLE_MODULES = YES;
				CLANG_ENABLE_OBJC_ARC = YES;
				CLANG_ENABLE_OBJC_WEAK = YES;
				CLANG_WARN_BLOCK_CAPTURE_AUTORELEASING = YES;
				CLANG_WARN_BOOL_CONVERSION = YES;
				CLANG_WARN_COMMA = YES;
				CLANG_WARN_CONSTANT_CONVERSION = YES;
				CLANG_WARN_DEPRECATED_OBJC_IMPLEMENTATIONS = YES;
				CLANG_WARN_DIRECT_OBJC_ISA_USAGE = YES_ERROR;
				CLANG_WARN_DOCUMENTATION_COMMENTS = YES;
				CLANG_WARN_EMPTY_BODY = YES;
				CLANG_WARN_ENUM_CONVERSION = YES;
				CLANG_WARN_INFINITE_RECURSION = YES;
				CLANG_WARN_INT_CONVERSION = YES;
				CLANG_WARN_NON_LITERAL_NULL_CONVERSION = YES;
				CLANG_WARN_OBJC_IMPLICIT_RETAIN_SELF = YES;
				CLANG_WARN_OBJC_LITERAL_CONVERSION = YES;
				CLANG_WARN_OBJC_ROOT_CLASS = YES_ERROR;
				CLANG_WARN_QUOTED_INCLUDE_IN_FRAMEWORK_HEADER = YES;
				CLANG_WARN_RANGE_LOOP_ANALYSIS = YES;
				CLANG_WARN_STRICT_PROTOTYPES = YES;
				CLANG_WARN_SUSPICIOUS_MOVE = YES;
				CLANG_WARN_UNGUARDED_AVAILABILITY = YES_AGGRESSIVE;
				CLANG_WARN_UNREACHABLE_CODE = YES;
				CLANG_WARN__DUPLICATE_METHOD_MATCH = YES;
				COPY_PHASE_STRIP = NO;
				DEBUG_INFORMATION_FORMAT = "dwarf-with-dsym";
				ENABLE_NS_ASSERTIONS = NO;
				ENABLE_STRICT_OBJC_MSGSEND = YES;
				GCC_C_LANGUAGE_STANDARD = gnu11;
				GCC_NO_COMMON_BLOCKS = YES;
				GCC_WARN_64_TO_32_BIT_CONVERSION = YES;
				GCC_WARN_ABOUT_RETURN_TYPE = YES_ERROR;
				GCC_WARN_UNDECLARED_SELECTOR = YES;
				GCC_WARN_UNINITIALIZED_AUTOS = YES_AGGRESSIVE;
				GCC_WARN_UNUSED_FUNCTION = YES;
				GCC_WARN_UNUSED_VARIABLE = YES;
				IPHONEOS_DEPLOYMENT_TARGET = 14.3;
				MTL_ENABLE_DEBUG_INFO = NO;
				MTL_FAST_MATH = YES;
				SDKROOT = iphoneos;
				SWIFT_COMPILATION_MODE = wholemodule;
				SWIFT_OPTIMIZATION_LEVEL = "-O";
				VALIDATE_PRODUCT = YES;
			};
			name = Release;
		};
		A1BBFB8025D88BA700925C9E /* Debug */ = {
			isa = XCBuildConfiguration;
			buildSettings = {
				ASSETCATALOG_COMPILER_APPICON_NAME = AppIcon;
				ASSETCATALOG_COMPILER_GLOBAL_ACCENT_COLOR_NAME = AccentColor;
				CODE_SIGN_STYLE = Automatic;
				DEVELOPMENT_TEAM = 33UK7T4859;
				INFOPLIST_FILE = "Project 28/Info.plist";
				IPHONEOS_DEPLOYMENT_TARGET = 14.0;
				LD_RUNPATH_SEARCH_PATHS = (
					"$(inherited)",
					"@executable_path/Frameworks",
				);
				PRODUCT_BUNDLE_IDENTIFIER = "ege.Project-28";
				PRODUCT_NAME = "$(TARGET_NAME)";
				SWIFT_VERSION = 5.0;
				TARGETED_DEVICE_FAMILY = "1,2";
			};
			name = Debug;
		};
		A1BBFB8125D88BA700925C9E /* Release */ = {
			isa = XCBuildConfiguration;
			buildSettings = {
				ASSETCATALOG_COMPILER_APPICON_NAME = AppIcon;
				ASSETCATALOG_COMPILER_GLOBAL_ACCENT_COLOR_NAME = AccentColor;
				CODE_SIGN_STYLE = Automatic;
				DEVELOPMENT_TEAM = 33UK7T4859;
				INFOPLIST_FILE = "Project 28/Info.plist";
				IPHONEOS_DEPLOYMENT_TARGET = 14.0;
				LD_RUNPATH_SEARCH_PATHS = (
					"$(inherited)",
					"@executable_path/Frameworks",
				);
				PRODUCT_BUNDLE_IDENTIFIER = "ege.Project-28";
				PRODUCT_NAME = "$(TARGET_NAME)";
				SWIFT_VERSION = 5.0;
				TARGETED_DEVICE_FAMILY = "1,2";
			};
			name = Release;
		};
/* End XCBuildConfiguration section */

/* Begin XCConfigurationList section */
		A1BBFB6625D88BA500925C9E /* Build configuration list for PBXProject "Project 28" */ = {
			isa = XCConfigurationList;
			buildConfigurations = (
				A1BBFB7D25D88BA700925C9E /* Debug */,
				A1BBFB7E25D88BA700925C9E /* Release */,
			);
			defaultConfigurationIsVisible = 0;
			defaultConfigurationName = Release;
		};
		A1BBFB7F25D88BA700925C9E /* Build configuration list for PBXNativeTarget "Project 28" */ = {
			isa = XCConfigurationList;
			buildConfigurations = (
				A1BBFB8025D88BA700925C9E /* Debug */,
				A1BBFB8125D88BA700925C9E /* Release */,
			);
			defaultConfigurationIsVisible = 0;
			defaultConfigurationName = Release;
		};
/* End XCConfigurationList section */
	};
	rootObject = A1BBFB6325D88BA500925C9E /* Project object */;
}
